// !$*UTF8*$!
{
	archiveVersion = 1;
	classes = {
	};
	objectVersion = 55;
	objects = {

/* Begin PBXBuildFile section */
		933997C627C08E070043BB5C /* AppDelegate.swift in Sources */ = {isa = PBXBuildFile; fileRef = 933997C527C08E070043BB5C /* AppDelegate.swift */; };
		933997C827C08E070043BB5C /* SceneDelegate.swift in Sources */ = {isa = PBXBuildFile; fileRef = 933997C727C08E070043BB5C /* SceneDelegate.swift */; };
		933997CA27C08E070043BB5C /* ViewController.swift in Sources */ = {isa = PBXBuildFile; fileRef = 933997C927C08E070043BB5C /* ViewController.swift */; };
		933997CD27C08E070043BB5C /* Main.storyboard in Resources */ = {isa = PBXBuildFile; fileRef = 933997CB27C08E070043BB5C /* Main.storyboard */; };
		933997CF27C08E070043BB5C /* Assets.xcassets in Resources */ = {isa = PBXBuildFile; fileRef = 933997CE27C08E070043BB5C /* Assets.xcassets */; };
		933997D227C08E070043BB5C /* LaunchScreen.storyboard in Resources */ = {isa = PBXBuildFile; fileRef = 933997D027C08E070043BB5C /* LaunchScreen.storyboard */; };
		933997DD27C08E070043BB5C /* NetworkConnectivityManagerTests.swift in Sources */ = {isa = PBXBuildFile; fileRef = 933997DC27C08E070043BB5C /* NetworkConnectivityManagerTests.swift */; };
		933997E727C08E070043BB5C /* NetworkConnectivityManagerUITests.swift in Sources */ = {isa = PBXBuildFile; fileRef = 933997E627C08E070043BB5C /* NetworkConnectivityManagerUITests.swift */; };
		933997E927C08E070043BB5C /* NetworkConnectivityManagerUITestsLaunchTests.swift in Sources */ = {isa = PBXBuildFile; fileRef = 933997E827C08E070043BB5C /* NetworkConnectivityManagerUITestsLaunchTests.swift */; };
/* End PBXBuildFile section */

/* Begin PBXContainerItemProxy section */
		933997D927C08E070043BB5C /* PBXContainerItemProxy */ = {
			isa = PBXContainerItemProxy;
			containerPortal = 933997BA27C08E070043BB5C /* Project object */;
			proxyType = 1;
			remoteGlobalIDString = 933997C127C08E070043BB5C;
			remoteInfo = NetworkConnectivityManager;
		};
		933997E327C08E070043BB5C /* PBXContainerItemProxy */ = {
			isa = PBXContainerItemProxy;
			containerPortal = 933997BA27C08E070043BB5C /* Project object */;
			proxyType = 1;
			remoteGlobalIDString = 933997C127C08E070043BB5C;
			remoteInfo = NetworkConnectivityManager;
		};
/* End PBXContainerItemProxy section */

/* Begin PBXFileReference section */
		933997C227C08E070043BB5C /* NetworkConnectivityManager.app */ = {isa = PBXFileReference; explicitFileType = wrapper.application; includeInIndex = 0; path = NetworkConnectivityManager.app; sourceTree = BUILT_PRODUCTS_DIR; };
		933997C527C08E070043BB5C /* AppDelegate.swift */ = {isa = PBXFileReference; lastKnownFileType = sourcecode.swift; path = AppDelegate.swift; sourceTree = "<group>"; };
		933997C727C08E070043BB5C /* SceneDelegate.swift */ = {isa = PBXFileReference; lastKnownFileType = sourcecode.swift; path = SceneDelegate.swift; sourceTree = "<group>"; };
		933997C927C08E070043BB5C /* ViewController.swift */ = {isa = PBXFileReference; lastKnownFileType = sourcecode.swift; path = ViewController.swift; sourceTree = "<group>"; };
		933997CC27C08E070043BB5C /* Base */ = {isa = PBXFileReference; lastKnownFileType = file.storyboard; name = Base; path = Base.lproj/Main.storyboard; sourceTree = "<group>"; };
		933997CE27C08E070043BB5C /* Assets.xcassets */ = {isa = PBXFileReference; lastKnownFileType = folder.assetcatalog; path = Assets.xcassets; sourceTree = "<group>"; };
		933997D127C08E070043BB5C /* Base */ = {isa = PBXFileReference; lastKnownFileType = file.storyboard; name = Base; path = Base.lproj/LaunchScreen.storyboard; sourceTree = "<group>"; };
		933997D327C08E070043BB5C /* Info.plist */ = {isa = PBXFileReference; lastKnownFileType = text.plist.xml; path = Info.plist; sourceTree = "<group>"; };
		933997D827C08E070043BB5C /* NetworkConnectivityManagerTests.xctest */ = {isa = PBXFileReference; explicitFileType = wrapper.cfbundle; includeInIndex = 0; path = NetworkConnectivityManagerTests.xctest; sourceTree = BUILT_PRODUCTS_DIR; };
		933997DC27C08E070043BB5C /* NetworkConnectivityManagerTests.swift */ = {isa = PBXFileReference; lastKnownFileType = sourcecode.swift; path = NetworkConnectivityManagerTests.swift; sourceTree = "<group>"; };
		933997E227C08E070043BB5C /* NetworkConnectivityManagerUITests.xctest */ = {isa = PBXFileReference; explicitFileType = wrapper.cfbundle; includeInIndex = 0; path = NetworkConnectivityManagerUITests.xctest; sourceTree = BUILT_PRODUCTS_DIR; };
		933997E627C08E070043BB5C /* NetworkConnectivityManagerUITests.swift */ = {isa = PBXFileReference; lastKnownFileType = sourcecode.swift; path = NetworkConnectivityManagerUITests.swift; sourceTree = "<group>"; };
		933997E827C08E070043BB5C /* NetworkConnectivityManagerUITestsLaunchTests.swift */ = {isa = PBXFileReference; lastKnownFileType = sourcecode.swift; path = NetworkConnectivityManagerUITestsLaunchTests.swift; sourceTree = "<group>"; };
/* End PBXFileReference section */

/* Begin PBXFrameworksBuildPhase section */
		933997BF27C08E070043BB5C /* Frameworks */ = {
			isa = PBXFrameworksBuildPhase;
			buildActionMask = 2147483647;
			files = (
			);
			runOnlyForDeploymentPostprocessing = 0;
		};
		933997D527C08E070043BB5C /* Frameworks */ = {
			isa = PBXFrameworksBuildPhase;
			buildActionMask = 2147483647;
			files = (
			);
			runOnlyForDeploymentPostprocessing = 0;
		};
		933997DF27C08E070043BB5C /* Frameworks */ = {
			isa = PBXFrameworksBuildPhase;
			buildActionMask = 2147483647;
			files = (
			);
			runOnlyForDeploymentPostprocessing = 0;
		};
/* End PBXFrameworksBuildPhase section */

/* Begin PBXGroup section */
		933997B927C08E070043BB5C = {
			isa = PBXGroup;
			children = (
				933997C427C08E070043BB5C /* NetworkConnectivityManager */,
				933997DB27C08E070043BB5C /* NetworkConnectivityManagerTests */,
				933997E527C08E070043BB5C /* NetworkConnectivityManagerUITests */,
				933997C327C08E070043BB5C /* Products */,
			);
			sourceTree = "<group>";
		};
		933997C327C08E070043BB5C /* Products */ = {
			isa = PBXGroup;
			children = (
				933997C227C08E070043BB5C /* NetworkConnectivityManager.app */,
				933997D827C08E070043BB5C /* NetworkConnectivityManagerTests.xctest */,
				933997E227C08E070043BB5C /* NetworkConnectivityManagerUITests.xctest */,
			);
			name = Products;
			sourceTree = "<group>";
		};
		933997C427C08E070043BB5C /* NetworkConnectivityManager */ = {
			isa = PBXGroup;
			children = (
				933997C527C08E070043BB5C /* AppDelegate.swift */,
				933997C727C08E070043BB5C /* SceneDelegate.swift */,
				933997C927C08E070043BB5C /* ViewController.swift */,
				933997CB27C08E070043BB5C /* Main.storyboard */,
				933997CE27C08E070043BB5C /* Assets.xcassets */,
				933997D027C08E070043BB5C /* LaunchScreen.storyboard */,
				933997D327C08E070043BB5C /* Info.plist */,
			);
			path = NetworkConnectivityManager;
			sourceTree = "<group>";
		};
		933997DB27C08E070043BB5C /* NetworkConnectivityManagerTests */ = {
			isa = PBXGroup;
			children = (
				933997DC27C08E070043BB5C /* NetworkConnectivityManagerTests.swift */,
			);
			path = NetworkConnectivityManagerTests;
			sourceTree = "<group>";
		};
		933997E527C08E070043BB5C /* NetworkConnectivityManagerUITests */ = {
			isa = PBXGroup;
			children = (
				933997E627C08E070043BB5C /* NetworkConnectivityManagerUITests.swift */,
				933997E827C08E070043BB5C /* NetworkConnectivityManagerUITestsLaunchTests.swift */,
			);
			path = NetworkConnectivityManagerUITests;
			sourceTree = "<group>";
		};
/* End PBXGroup section */

/* Begin PBXNativeTarget section */
		933997C127C08E070043BB5C /* NetworkConnectivityManager */ = {
			isa = PBXNativeTarget;
			buildConfigurationList = 933997EC27C08E070043BB5C /* Build configuration list for PBXNativeTarget "NetworkConnectivityManager" */;
			buildPhases = (
				933997BE27C08E070043BB5C /* Sources */,
				933997BF27C08E070043BB5C /* Frameworks */,
				933997C027C08E070043BB5C /* Resources */,
			);
			buildRules = (
			);
			dependencies = (
			);
			name = NetworkConnectivityManager;
			productName = NetworkConnectivityManager;
			productReference = 933997C227C08E070043BB5C /* NetworkConnectivityManager.app */;
			productType = "com.apple.product-type.application";
		};
		933997D727C08E070043BB5C /* NetworkConnectivityManagerTests */ = {
			isa = PBXNativeTarget;
			buildConfigurationList = 933997EF27C08E070043BB5C /* Build configuration list for PBXNativeTarget "NetworkConnectivityManagerTests" */;
			buildPhases = (
				933997D427C08E070043BB5C /* Sources */,
				933997D527C08E070043BB5C /* Frameworks */,
				933997D627C08E070043BB5C /* Resources */,
			);
			buildRules = (
			);
			dependencies = (
				933997DA27C08E070043BB5C /* PBXTargetDependency */,
			);
			name = NetworkConnectivityManagerTests;
			productName = NetworkConnectivityManagerTests;
			productReference = 933997D827C08E070043BB5C /* NetworkConnectivityManagerTests.xctest */;
			productType = "com.apple.product-type.bundle.unit-test";
		};
		933997E127C08E070043BB5C /* NetworkConnectivityManagerUITests */ = {
			isa = PBXNativeTarget;
			buildConfigurationList = 933997F227C08E070043BB5C /* Build configuration list for PBXNativeTarget "NetworkConnectivityManagerUITests" */;
			buildPhases = (
				933997DE27C08E070043BB5C /* Sources */,
				933997DF27C08E070043BB5C /* Frameworks */,
				933997E027C08E070043BB5C /* Resources */,
			);
			buildRules = (
			);
			dependencies = (
				933997E427C08E070043BB5C /* PBXTargetDependency */,
			);
			name = NetworkConnectivityManagerUITests;
			productName = NetworkConnectivityManagerUITests;
			productReference = 933997E227C08E070043BB5C /* NetworkConnectivityManagerUITests.xctest */;
			productType = "com.apple.product-type.bundle.ui-testing";
		};
/* End PBXNativeTarget section */

/* Begin PBXProject section */
		933997BA27C08E070043BB5C /* Project object */ = {
			isa = PBXProject;
			attributes = {
				BuildIndependentTargetsInParallel = 1;
				LastSwiftUpdateCheck = 1320;
				LastUpgradeCheck = 1320;
				TargetAttributes = {
					933997C127C08E070043BB5C = {
						CreatedOnToolsVersion = 13.2.1;
					};
					933997D727C08E070043BB5C = {
						CreatedOnToolsVersion = 13.2.1;
						TestTargetID = 933997C127C08E070043BB5C;
					};
					933997E127C08E070043BB5C = {
						CreatedOnToolsVersion = 13.2.1;
						TestTargetID = 933997C127C08E070043BB5C;
					};
				};
			};
			buildConfigurationList = 933997BD27C08E070043BB5C /* Build configuration list for PBXProject "NetworkConnectivityManager" */;
			compatibilityVersion = "Xcode 13.0";
			developmentRegion = en;
			hasScannedForEncodings = 0;
			knownRegions = (
				en,
				Base,
			);
			mainGroup = 933997B927C08E070043BB5C;
			productRefGroup = 933997C327C08E070043BB5C /* Products */;
			projectDirPath = "";
			projectRoot = "";
			targets = (
				933997C127C08E070043BB5C /* NetworkConnectivityManager */,
				933997D727C08E070043BB5C /* NetworkConnectivityManagerTests */,
				933997E127C08E070043BB5C /* NetworkConnectivityManagerUITests */,
			);
		};
/* End PBXProject section */

/* Begin PBXResourcesBuildPhase section */
		933997C027C08E070043BB5C /* Resources */ = {
			isa = PBXResourcesBuildPhase;
			buildActionMask = 2147483647;
			files = (
				933997D227C08E070043BB5C /* LaunchScreen.storyboard in Resources */,
				933997CF27C08E070043BB5C /* Assets.xcassets in Resources */,
				933997CD27C08E070043BB5C /* Main.storyboard in Resources */,
			);
			runOnlyForDeploymentPostprocessing = 0;
		};
		933997D627C08E070043BB5C /* Resources */ = {
			isa = PBXResourcesBuildPhase;
			buildActionMask = 2147483647;
			files = (
			);
			runOnlyForDeploymentPostprocessing = 0;
		};
		933997E027C08E070043BB5C /* Resources */ = {
			isa = PBXResourcesBuildPhase;
			buildActionMask = 2147483647;
			files = (
			);
			runOnlyForDeploymentPostprocessing = 0;
		};
/* End PBXResourcesBuildPhase section */

/* Begin PBXSourcesBuildPhase section */
		933997BE27C08E070043BB5C /* Sources */ = {
			isa = PBXSourcesBuildPhase;
			buildActionMask = 2147483647;
			files = (
				933997CA27C08E070043BB5C /* ViewController.swift in Sources */,
				933997C627C08E070043BB5C /* AppDelegate.swift in Sources */,
				933997C827C08E070043BB5C /* SceneDelegate.swift in Sources */,
			);
			runOnlyForDeploymentPostprocessing = 0;
		};
		933997D427C08E070043BB5C /* Sources */ = {
			isa = PBXSourcesBuildPhase;
			buildActionMask = 2147483647;
			files = (
				933997DD27C08E070043BB5C /* NetworkConnectivityManagerTests.swift in Sources */,
			);
			runOnlyForDeploymentPostprocessing = 0;
		};
		933997DE27C08E070043BB5C /* Sources */ = {
			isa = PBXSourcesBuildPhase;
			buildActionMask = 2147483647;
			files = (
				933997E927C08E070043BB5C /* NetworkConnectivityManagerUITestsLaunchTests.swift in Sources */,
				933997E727C08E070043BB5C /* NetworkConnectivityManagerUITests.swift in Sources */,
			);
			runOnlyForDeploymentPostprocessing = 0;
		};
/* End PBXSourcesBuildPhase section */

/* Begin PBXTargetDependency section */
		933997DA27C08E070043BB5C /* PBXTargetDependency */ = {
			isa = PBXTargetDependency;
			target = 933997C127C08E070043BB5C /* NetworkConnectivityManager */;
			targetProxy = 933997D927C08E070043BB5C /* PBXContainerItemProxy */;
		};
		933997E427C08E070043BB5C /* PBXTargetDependency */ = {
			isa = PBXTargetDependency;
			target = 933997C127C08E070043BB5C /* NetworkConnectivityManager */;
			targetProxy = 933997E327C08E070043BB5C /* PBXContainerItemProxy */;
		};
/* End PBXTargetDependency section */

/* Begin PBXVariantGroup section */
		933997CB27C08E070043BB5C /* Main.storyboard */ = {
			isa = PBXVariantGroup;
			children = (
				933997CC27C08E070043BB5C /* Base */,
			);
			name = Main.storyboard;
			sourceTree = "<group>";
		};
		933997D027C08E070043BB5C /* LaunchScreen.storyboard */ = {
			isa = PBXVariantGroup;
			children = (
				933997D127C08E070043BB5C /* Base */,
			);
			name = LaunchScreen.storyboard;
			sourceTree = "<group>";
		};
/* End PBXVariantGroup section */

/* Begin XCBuildConfiguration section */
		933997EA27C08E070043BB5C /* Debug */ = {
			isa = XCBuildConfiguration;
			buildSettings = {
				ALWAYS_SEARCH_USER_PATHS = NO;
				CLANG_ANALYZER_NONNULL = YES;
				CLANG_ANALYZER_NUMBER_OBJECT_CONVERSION = YES_AGGRESSIVE;
				CLANG_CXX_LANGUAGE_STANDARD = "gnu++17";
				CLANG_CXX_LIBRARY = "libc++";
				CLANG_ENABLE_MODULES = YES;
				CLANG_ENABLE_OBJC_ARC = YES;
				CLANG_ENABLE_OBJC_WEAK = YES;
				CLANG_WARN_BLOCK_CAPTURE_AUTORELEASING = YES;
				CLANG_WARN_BOOL_CONVERSION = YES;
				CLANG_WARN_COMMA = YES;
				CLANG_WARN_CONSTANT_CONVERSION = YES;
				CLANG_WARN_DEPRECATED_OBJC_IMPLEMENTATIONS = YES;
				CLANG_WARN_DIRECT_OBJC_ISA_USAGE = YES_ERROR;
				CLANG_WARN_DOCUMENTATION_COMMENTS = YES;
				CLANG_WARN_EMPTY_BODY = YES;
				CLANG_WARN_ENUM_CONVERSION = YES;
				CLANG_WARN_INFINITE_RECURSION = YES;
				CLANG_WARN_INT_CONVERSION = YES;
				CLANG_WARN_NON_LITERAL_NULL_CONVERSION = YES;
				CLANG_WARN_OBJC_IMPLICIT_RETAIN_SELF = YES;
				CLANG_WARN_OBJC_LITERAL_CONVERSION = YES;
				CLANG_WARN_OBJC_ROOT_CLASS = YES_ERROR;
				CLANG_WARN_QUOTED_INCLUDE_IN_FRAMEWORK_HEADER = YES;
				CLANG_WARN_RANGE_LOOP_ANALYSIS = YES;
				CLANG_WARN_STRICT_PROTOTYPES = YES;
				CLANG_WARN_SUSPICIOUS_MOVE = YES;
				CLANG_WARN_UNGUARDED_AVAILABILITY = YES_AGGRESSIVE;
				CLANG_WARN_UNREACHABLE_CODE = YES;
				CLANG_WARN__DUPLICATE_METHOD_MATCH = YES;
				COPY_PHASE_STRIP = NO;
				DEBUG_INFORMATION_FORMAT = dwarf;
				ENABLE_STRICT_OBJC_MSGSEND = YES;
				ENABLE_TESTABILITY = YES;
				GCC_C_LANGUAGE_STANDARD = gnu11;
				GCC_DYNAMIC_NO_PIC = NO;
				GCC_NO_COMMON_BLOCKS = YES;
				GCC_OPTIMIZATION_LEVEL = 0;
				GCC_PREPROCESSOR_DEFINITIONS = (
					"DEBUG=1",
					"$(inherited)",
				);
				GCC_WARN_64_TO_32_BIT_CONVERSION = YES;
				GCC_WARN_ABOUT_RETURN_TYPE = YES_ERROR;
				GCC_WARN_UNDECLARED_SELECTOR = YES;
				GCC_WARN_UNINITIALIZED_AUTOS = YES_AGGRESSIVE;
				GCC_WARN_UNUSED_FUNCTION = YES;
				GCC_WARN_UNUSED_VARIABLE = YES;
				IPHONEOS_DEPLOYMENT_TARGET = 15.2;
				MTL_ENABLE_DEBUG_INFO = INCLUDE_SOURCE;
				MTL_FAST_MATH = YES;
				ONLY_ACTIVE_ARCH = YES;
				SDKROOT = iphoneos;
				SWIFT_ACTIVE_COMPILATION_CONDITIONS = DEBUG;
				SWIFT_OPTIMIZATION_LEVEL = "-Onone";
			};
			name = Debug;
		};
		933997EB27C08E070043BB5C /* Release */ = {
			isa = XCBuildConfiguration;
			buildSettings = {
				ALWAYS_SEARCH_USER_PATHS = NO;
				CLANG_ANALYZER_NONNULL = YES;
				CLANG_ANALYZER_NUMBER_OBJECT_CONVERSION = YES_AGGRESSIVE;
				CLANG_CXX_LANGUAGE_STANDARD = "gnu++17";
				CLANG_CXX_LIBRARY = "libc++";
				CLANG_ENABLE_MODULES = YES;
				CLANG_ENABLE_OBJC_ARC = YES;
				CLANG_ENABLE_OBJC_WEAK = YES;
				CLANG_WARN_BLOCK_CAPTURE_AUTORELEASING = YES;
				CLANG_WARN_BOOL_CONVERSION = YES;
				CLANG_WARN_COMMA = YES;
				CLANG_WARN_CONSTANT_CONVERSION = YES;
				CLANG_WARN_DEPRECATED_OBJC_IMPLEMENTATIONS = YES;
				CLANG_WARN_DIRECT_OBJC_ISA_USAGE = YES_ERROR;
				CLANG_WARN_DOCUMENTATION_COMMENTS = YES;
				CLANG_WARN_EMPTY_BODY = YES;
				CLANG_WARN_ENUM_CONVERSION = YES;
				CLANG_WARN_INFINITE_RECURSION = YES;
				CLANG_WARN_INT_CONVERSION = YES;
				CLANG_WARN_NON_LITERAL_NULL_CONVERSION = YES;
				CLANG_WARN_OBJC_IMPLICIT_RETAIN_SELF = YES;
				CLANG_WARN_OBJC_LITERAL_CONVERSION = YES;
				CLANG_WARN_OBJC_ROOT_CLASS = YES_ERROR;
				CLANG_WARN_QUOTED_INCLUDE_IN_FRAMEWORK_HEADER = YES;
				CLANG_WARN_RANGE_LOOP_ANALYSIS = YES;
				CLANG_WARN_STRICT_PROTOTYPES = YES;
				CLANG_WARN_SUSPICIOUS_MOVE = YES;
				CLANG_WARN_UNGUARDED_AVAILABILITY = YES_AGGRESSIVE;
				CLANG_WARN_UNREACHABLE_CODE = YES;
				CLANG_WARN__DUPLICATE_METHOD_MATCH = YES;
				COPY_PHASE_STRIP = NO;
				DEBUG_INFORMATION_FORMAT = "dwarf-with-dsym";
				ENABLE_NS_ASSERTIONS = NO;
				ENABLE_STRICT_OBJC_MSGSEND = YES;
				GCC_C_LANGUAGE_STANDARD = gnu11;
				GCC_NO_COMMON_BLOCKS = YES;
				GCC_WARN_64_TO_32_BIT_CONVERSION = YES;
				GCC_WARN_ABOUT_RETURN_TYPE = YES_ERROR;
				GCC_WARN_UNDECLARED_SELECTOR = YES;
				GCC_WARN_UNINITIALIZED_AUTOS = YES_AGGRESSIVE;
				GCC_WARN_UNUSED_FUNCTION = YES;
				GCC_WARN_UNUSED_VARIABLE = YES;
				IPHONEOS_DEPLOYMENT_TARGET = 15.2;
				MTL_ENABLE_DEBUG_INFO = NO;
				MTL_FAST_MATH = YES;
				SDKROOT = iphoneos;
				SWIFT_COMPILATION_MODE = wholemodule;
				SWIFT_OPTIMIZATION_LEVEL = "-O";
				VALIDATE_PRODUCT = YES;
			};
			name = Release;
		};
		933997ED27C08E070043BB5C /* Debug */ = {
			isa = XCBuildConfiguration;
			buildSettings = {
				ASSETCATALOG_COMPILER_APPICON_NAME = AppIcon;
				ASSETCATALOG_COMPILER_GLOBAL_ACCENT_COLOR_NAME = AccentColor;
				CODE_SIGN_STYLE = Automatic;
				CURRENT_PROJECT_VERSION = 1;
				DEVELOPMENT_TEAM = Q5BCLRXCBB;
				GENERATE_INFOPLIST_FILE = YES;
				INFOPLIST_FILE = NetworkConnectivityManager/Info.plist;
				INFOPLIST_KEY_UIApplicationSupportsIndirectInputEvents = YES;
				INFOPLIST_KEY_UILaunchStoryboardName = LaunchScreen;
				INFOPLIST_KEY_UIMainStoryboardFile = Main;
				INFOPLIST_KEY_UISupportedInterfaceOrientations_iPad = "UIInterfaceOrientationPortrait UIInterfaceOrientationPortraitUpsideDown UIInterfaceOrientationLandscapeLeft UIInterfaceOrientationLandscapeRight";
				INFOPLIST_KEY_UISupportedInterfaceOrientations_iPhone = "UIInterfaceOrientationPortrait UIInterfaceOrientationLandscapeLeft UIInterfaceOrientationLandscapeRight";
				LD_RUNPATH_SEARCH_PATHS = (
					"$(inherited)",
					"@executable_path/Frameworks",
				);
				MARKETING_VERSION = 1.0;
				PRODUCT_BUNDLE_IDENTIFIER = com.AryamanSharda.NetworkConnectivityManager;
				PRODUCT_NAME = "$(TARGET_NAME)";
				SWIFT_EMIT_LOC_STRINGS = YES;
				SWIFT_VERSION = 5.0;
				TARGETED_DEVICE_FAMILY = "1,2";
			};
			name = Debug;
		};
		933997EE27C08E070043BB5C /* Release */ = {
			isa = XCBuildConfiguration;
			buildSettings = {
				ASSETCATALOG_COMPILER_APPICON_NAME = AppIcon;
				ASSETCATALOG_COMPILER_GLOBAL_ACCENT_COLOR_NAME = AccentColor;
				CODE_SIGN_STYLE = Automatic;
				CURRENT_PROJECT_VERSION = 1;
				DEVELOPMENT_TEAM = Q5BCLRXCBB;
				GENERATE_INFOPLIST_FILE = YES;
				INFOPLIST_FILE = NetworkConnectivityManager/Info.plist;
				INFOPLIST_KEY_UIApplicationSupportsIndirectInputEvents = YES;
				INFOPLIST_KEY_UILaunchStoryboardName = LaunchScreen;
				INFOPLIST_KEY_UIMainStoryboardFile = Main;
				INFOPLIST_KEY_UISupportedInterfaceOrientations_iPad = "UIInterfaceOrientationPortrait UIInterfaceOrientationPortraitUpsideDown UIInterfaceOrientationLandscapeLeft UIInterfaceOrientationLandscapeRight";
				INFOPLIST_KEY_UISupportedInterfaceOrientations_iPhone = "UIInterfaceOrientationPortrait UIInterfaceOrientationLandscapeLeft UIInterfaceOrientationLandscapeRight";
				LD_RUNPATH_SEARCH_PATHS = (
					"$(inherited)",
					"@executable_path/Frameworks",
				);
				MARKETING_VERSION = 1.0;
				PRODUCT_BUNDLE_IDENTIFIER = com.AryamanSharda.NetworkConnectivityManager;
				PRODUCT_NAME = "$(TARGET_NAME)";
				SWIFT_EMIT_LOC_STRINGS = YES;
				SWIFT_VERSION = 5.0;
				TARGETED_DEVICE_FAMILY = "1,2";
			};
			name = Release;
		};
		933997F027C08E070043BB5C /* Debug */ = {
			isa = XCBuildConfiguration;
			buildSettings = {
				ALWAYS_EMBED_SWIFT_STANDARD_LIBRARIES = YES;
				BUNDLE_LOADER = "$(TEST_HOST)";
				CODE_SIGN_STYLE = Automatic;
				CURRENT_PROJECT_VERSION = 1;
				DEVELOPMENT_TEAM = Q5BCLRXCBB;
				GENERATE_INFOPLIST_FILE = YES;
				IPHONEOS_DEPLOYMENT_TARGET = 15.2;
				MARKETING_VERSION = 1.0;
				PRODUCT_BUNDLE_IDENTIFIER = com.AryamanSharda.NetworkConnectivityManagerTests;
				PRODUCT_NAME = "$(TARGET_NAME)";
				SWIFT_EMIT_LOC_STRINGS = NO;
				SWIFT_VERSION = 5.0;
				TARGETED_DEVICE_FAMILY = "1,2";
				TEST_HOST = "$(BUILT_PRODUCTS_DIR)/NetworkConnectivityManager.app/NetworkConnectivityManager";
			};
			name = Debug;
		};
		933997F127C08E070043BB5C /* Release */ = {
			isa = XCBuildConfiguration;
			buildSettings = {
				ALWAYS_EMBED_SWIFT_STANDARD_LIBRARIES = YES;
				BUNDLE_LOADER = "$(TEST_HOST)";
				CODE_SIGN_STYLE = Automatic;
				CURRENT_PROJECT_VERSION = 1;
				DEVELOPMENT_TEAM = Q5BCLRXCBB;
				GENERATE_INFOPLIST_FILE = YES;
				IPHONEOS_DEPLOYMENT_TARGET = 15.2;
				MARKETING_VERSION = 1.0;
				PRODUCT_BUNDLE_IDENTIFIER = com.AryamanSharda.NetworkConnectivityManagerTests;
				PRODUCT_NAME = "$(TARGET_NAME)";
				SWIFT_EMIT_LOC_STRINGS = NO;
				SWIFT_VERSION = 5.0;
				TARGETED_DEVICE_FAMILY = "1,2";
				TEST_HOST = "$(BUILT_PRODUCTS_DIR)/NetworkConnectivityManager.app/NetworkConnectivityManager";
			};
			name = Release;
		};
		933997F327C08E070043BB5C /* Debug */ = {
			isa = XCBuildConfiguration;
			buildSettings = {
				ALWAYS_EMBED_SWIFT_STANDARD_LIBRARIES = YES;
				CODE_SIGN_STYLE = Automatic;
				CURRENT_PROJECT_VERSION = 1;
				DEVELOPMENT_TEAM = Q5BCLRXCBB;
				GENERATE_INFOPLIST_FILE = YES;
				MARKETING_VERSION = 1.0;
				PRODUCT_BUNDLE_IDENTIFIER = com.AryamanSharda.NetworkConnectivityManagerUITests;
				PRODUCT_NAME = "$(TARGET_NAME)";
				SWIFT_EMIT_LOC_STRINGS = NO;
				SWIFT_VERSION = 5.0;
				TARGETED_DEVICE_FAMILY = "1,2";
				TEST_TARGET_NAME = NetworkConnectivityManager;
			};
			name = Debug;
		};
		933997F427C08E070043BB5C /* Release */ = {
			isa = XCBuildConfiguration;
			buildSettings = {
				ALWAYS_EMBED_SWIFT_STANDARD_LIBRARIES = YES;
				CODE_SIGN_STYLE = Automatic;
				CURRENT_PROJECT_VERSION = 1;
				DEVELOPMENT_TEAM = Q5BCLRXCBB;
				GENERATE_INFOPLIST_FILE = YES;
				MARKETING_VERSION = 1.0;
				PRODUCT_BUNDLE_IDENTIFIER = com.AryamanSharda.NetworkConnectivityManagerUITests;
				PRODUCT_NAME = "$(TARGET_NAME)";
				SWIFT_EMIT_LOC_STRINGS = NO;
				SWIFT_VERSION = 5.0;
				TARGETED_DEVICE_FAMILY = "1,2";
				TEST_TARGET_NAME = NetworkConnectivityManager;
			};
			name = Release;
		};
/* End XCBuildConfiguration section */

/* Begin XCConfigurationList section */
		933997BD27C08E070043BB5C /* Build configuration list for PBXProject "NetworkConnectivityManager" */ = {
			isa = XCConfigurationList;
			buildConfigurations = (
				933997EA27C08E070043BB5C /* Debug */,
				933997EB27C08E070043BB5C /* Release */,
			);
			defaultConfigurationIsVisible = 0;
			defaultConfigurationName = Release;
		};
		933997EC27C08E070043BB5C /* Build configuration list for PBXNativeTarget "NetworkConnectivityManager" */ = {
			isa = XCConfigurationList;
			buildConfigurations = (
				933997ED27C08E070043BB5C /* Debug */,
				933997EE27C08E070043BB5C /* Release */,
			);
			defaultConfigurationIsVisible = 0;
			defaultConfigurationName = Release;
		};
		933997EF27C08E070043BB5C /* Build configuration list for PBXNativeTarget "NetworkConnectivityManagerTests" */ = {
			isa = XCConfigurationList;
			buildConfigurations = (
				933997F027C08E070043BB5C /* Debug */,
				933997F127C08E070043BB5C /* Release */,
			);
			defaultConfigurationIsVisible = 0;
			defaultConfigurationName = Release;
		};
		933997F227C08E070043BB5C /* Build configuration list for PBXNativeTarget "NetworkConnectivityManagerUITests" */ = {
			isa = XCConfigurationList;
			buildConfigurations = (
				933997F327C08E070043BB5C /* Debug */,
				933997F427C08E070043BB5C /* Release */,
			);
			defaultConfigurationIsVisible = 0;
			defaultConfigurationName = Release;
		};
/* End XCConfigurationList section */
	};
	rootObject = 933997BA27C08E070043BB5C /* Project object */;
}
